
Microsoft Visual Studio Solution File, Format Version 12.00
# Visual Studio 2012
Project("{FAE04EC0-301F-11D3-BF4B-00C04F79EFBC}") = "Broker", "Broker\Broker.csproj", "{410112BA-5DB7-410F-B25F-55598D52B33B}"
EndProject
Project("{FAE04EC0-301F-11D3-BF4B-00C04F79EFBC}") = "Receiver", "Receiver\Receiver.csproj", "{472AF55A-86A4-4840-B672-421E9FF0BB39}"
EndProject
Project("{FAE04EC0-301F-11D3-BF4B-00C04F79EFBC}") = "Sender", "Sender\Sender.csproj", "{449F607E-0214-41E6-90C5-0D1BA709CDEE}"
EndProject
Project("{FAE04EC0-301F-11D3-BF4B-00C04F79EFBC}") = "XPlatform", "XPlatform\XPlatform.csproj", "{A5480004-1D1F-44AD-8BE9-FE34253A19EA}"
EndProject
Global
	GlobalSection(SolutionConfigurationPlatforms) = preSolution
		Debug|Any CPU = Debug|Any CPU
		Release|Any CPU = Release|Any CPU
	EndGlobalSection
	GlobalSection(ProjectConfigurationPlatforms) = postSolution
		{410112BA-5DB7-410F-B25F-55598D52B33B}.Debug|Any CPU.ActiveCfg = Debug|Any CPU
		{410112BA-5DB7-410F-B25F-55598D52B33B}.Debug|Any CPU.Build.0 = Debug|Any CPU
		{410112BA-5DB7-410F-B25F-55598D52B33B}.Release|Any CPU.ActiveCfg = Release|Any CPU
		{410112BA-5DB7-410F-B25F-55598D52B33B}.Release|Any CPU.Build.0 = Release|Any CPU
		{472AF55A-86A4-4840-B672-421E9FF0BB39}.Debug|Any CPU.ActiveCfg = Debug|Any CPU
		{472AF55A-86A4-4840-B672-421E9FF0BB39}.Debug|Any CPU.Build.0 = Debug|Any CPU
		{472AF55A-86A4-4840-B672-421E9FF0BB39}.Release|Any CPU.ActiveCfg = Release|Any CPU
		{472AF55A-86A4-4840-B672-421E9FF0BB39}.Release|Any CPU.Build.0 = Release|Any CPU
		{449F607E-0214-41E6-90C5-0D1BA709CDEE}.Debug|Any CPU.ActiveCfg = Debug|Any CPU
		{449F607E-0214-41E6-90C5-0D1BA709CDEE}.Debug|Any CPU.Build.0 = Debug|Any CPU
		{449F607E-0214-41E6-90C5-0D1BA709CDEE}.Release|Any CPU.ActiveCfg = Release|Any CPU
		{449F607E-0214-41E6-90C5-0D1BA709CDEE}.Release|Any CPU.Build.0 = Release|Any CPU
		{A5480004-1D1F-44AD-8BE9-FE34253A19EA}.Debug|Any CPU.ActiveCfg = Debug|Any CPU
		{A5480004-1D1F-44AD-8BE9-FE34253A19EA}.Debug|Any CPU.Build.0 = Debug|Any CPU
		{A5480004-1D1F-44AD-8BE9-FE34253A19EA}.Release|Any CPU.ActiveCfg = Release|Any CPU
		{A5480004-1D1F-44AD-8BE9-FE34253A19EA}.Release|Any CPU.Build.0 = Release|Any CPU
	EndGlobalSection
	GlobalSection(SolutionProperties) = preSolution
		HideSolutionNode = FALSE
	EndGlobalSection
EndGlobal
